
Microsoft Visual Studio Solution File, Format Version 12.00
# Visual Studio Version 16
VisualStudioVersion = 16.0.30413.136
MinimumVisualStudioVersion = 10.0.40219.1
Project("{FAE04EC0-301F-11D3-BF4B-00C04F79EFBC}") = "grocerylist25", "grocerylist25.csproj", "{959DC242-7FF4-49F5-98C8-11F6DE9C1B79}"
EndProject
Global
	GlobalSection(SolutionConfigurationPlatforms) = preSolution
		Debug|Any CPU = Debug|Any CPU
		Release|Any CPU = Release|Any CPU
	EndGlobalSection
	GlobalSection(ProjectConfigurationPlatforms) = postSolution
		{959DC242-7FF4-49F5-98C8-11F6DE9C1B79}.Debug|Any CPU.ActiveCfg = Debug|Any CPU
		{959DC242-7FF4-49F5-98C8-11F6DE9C1B79}.Debug|Any CPU.Build.0 = Debug|Any CPU
		{959DC242-7FF4-49F5-98C8-11F6DE9C1B79}.Release|Any CPU.ActiveCfg = Release|Any CPU
		{959DC242-7FF4-49F5-98C8-11F6DE9C1B79}.Release|Any CPU.Build.0 = Release|Any CPU
	EndGlobalSection
	GlobalSection(SolutionProperties) = preSolution
		HideSolutionNode = FALSE
	EndGlobalSection
	GlobalSection(ExtensibilityGlobals) = postSolution
		SolutionGuid = {BE0D8F8D-2B60-490A-8D18-3A8F97C366A5}
	EndGlobalSection
EndGlobal
